
Microsoft Visual Studio Solution File, Format Version 12.00
# Visual Studio Version 16
VisualStudioVersion = 16.0.29411.108
MinimumVisualStudioVersion = 10.0.40219.1
Project("{8BC9CEB8-8B4A-11D0-8D11-00A0C91BC942}") = "Sandbox", "Sandbox\Sandbox.vcxproj", "{C21B09E2-D0B8-4438-A791-AFF8832F3CC4}"
EndProject
Project("{8BC9CEB8-8B4A-11D0-8D11-00A0C91BC942}") = "Slue", "Slue\Slue.vcxproj", "{F1475970-8863-4647-976E-FCEC768363E3}"
EndProject
Global
	GlobalSection(SolutionConfigurationPlatforms) = preSolution
		Debug|x64 = Debug|x64
		Debug|x86 = Debug|x86
		Release|x64 = Release|x64
		Release|x86 = Release|x86
	EndGlobalSection
	GlobalSection(ProjectConfigurationPlatforms) = postSolution
		{F1475970-8863-4647-976E-FCEC768363E3}.Debug|x64.ActiveCfg = Debug|x64
		{F1475970-8863-4647-976E-FCEC768363E3}.Debug|x64.Build.0 = Debug|x64
		{F1475970-8863-4647-976E-FCEC768363E3}.Debug|x86.ActiveCfg = Debug|x64
		{F1475970-8863-4647-976E-FCEC768363E3}.Release|x64.ActiveCfg = Release|x64
		{F1475970-8863-4647-976E-FCEC768363E3}.Release|x64.Build.0 = Release|x64
		{F1475970-8863-4647-976E-FCEC768363E3}.Release|x86.ActiveCfg = Release|x64
		{C21B09E2-D0B8-4438-A791-AFF8832F3CC4}.Debug|x64.ActiveCfg = Debug|x64
		{C21B09E2-D0B8-4438-A791-AFF8832F3CC4}.Debug|x64.Build.0 = Debug|x64
		{C21B09E2-D0B8-4438-A791-AFF8832F3CC4}.Debug|x86.ActiveCfg = Debug|Win32
		{C21B09E2-D0B8-4438-A791-AFF8832F3CC4}.Debug|x86.Build.0 = Debug|Win32
		{C21B09E2-D0B8-4438-A791-AFF8832F3CC4}.Release|x64.ActiveCfg = Release|x64
		{C21B09E2-D0B8-4438-A791-AFF8832F3CC4}.Release|x64.Build.0 = Release|x64
		{C21B09E2-D0B8-4438-A791-AFF8832F3CC4}.Release|x86.ActiveCfg = Release|Win32
		{C21B09E2-D0B8-4438-A791-AFF8832F3CC4}.Release|x86.Build.0 = Release|Win32
	EndGlobalSection
	GlobalSection(SolutionProperties) = preSolution
		HideSolutionNode = FALSE
	EndGlobalSection
	GlobalSection(ExtensibilityGlobals) = postSolution
		SolutionGuid = {812E669A-72E4-44F4-AE93-DFB389075BA4}
	EndGlobalSection
EndGlobal
